<?xml version="1.0" encoding="utf-8"?>
<Project ToolsVersion="4.0" xmlns="http://schemas.microsoft.com/developer/msbuild/2003">
  <ItemGroup>
    <Filter Include="sourse">
      <UniqueIdentifier>{4FC737F1-C7A5-4376-A066-2A32D752A2FF}</UniqueIdentifier>
      <Extensions>cpp;c;cc;cxx;c++;cppm;ixx;def;odl;idl;hpj;bat;asm;asmx</Extensions>
    </Filter>
    <Filter Include="utils">
      <UniqueIdentifier>{702ffed3-8fe5-422e-82c1-1253ef71db30}</UniqueIdentifier>
    </Filter>
  </ItemGroup>
  <ItemGroup>
    <ClCompile Include="config.h" />
    <ClCompile Include="sourse\dse_killer.cpp">
      <Filter>sourse</Filter>
    </ClCompile>
    <ClCompile Include="sourse\main.cpp">
      <Filter>sourse</Filter>
    </ClCompile>
    <ClCompile Include="sourse\providers\rtcore\rtcore_binary.h">
      <Filter>utils</Filter>
    </ClCompile>
    <ClCompile Include="sourse\utils\utils.cpp">
      <Filter>utils</Filter>
    </ClCompile>
    <ClCompile Include="sourse\utils\scanner.cpp">
      <Filter>sourse</Filter>
    </ClCompile>
    <ClCompile Include="sourse\providers\rtcore\rtcore.cpp">
      <Filter>sourse</Filter>
    </ClCompile>
    <ClCompile Include="sourse\provider.cpp">
      <Filter>sourse</Filter>
    </ClCompile>
  </ItemGroup>
  <ItemGroup>
    <ClInclude Include="sourse\utils\utils.h">
      <Filter>utils</Filter>
    </ClInclude>
    <ClInclude Include="sourse\dse_killer.h">
      <Filter>sourse</Filter>
    </ClInclude>
    <ClInclude Include="sourse\utils\ntstatus.h">
      <Filter>utils</Filter>
    </ClInclude>
    <ClInclude Include="sourse\utils\scanner.h">
      <Filter>utils</Filter>
    </ClInclude>
    <ClInclude Include="sourse\utils\ntdll.h">
      <Filter>utils</Filter>
    </ClInclude>
    <ClInclude Include="sourse\utils\debug.h">
      <Filter>utils</Filter>
    </ClInclude>
    <ClInclude Include="sourse\providers\rtcore\rtcore.h">
      <Filter>sourse</Filter>
    </ClInclude>
    <ClInclude Include="sourse\provider.h" />
  </ItemGroup>
</Project>